
Microsoft Visual Studio Solution File, Format Version 12.00
# Visual Studio 15
VisualStudioVersion = 15.0.28307.645
MinimumVisualStudioVersion = 10.0.40219.1
Project("{FAE04EC0-301F-11D3-BF4B-00C04F79EFBC}") = "WebApplication3", "WebApplication3\WebApplication3.csproj", "{88CADDB0-C10D-4FE8-832F-07702111290D}"
EndProject
Global
	GlobalSection(SolutionConfigurationPlatforms) = preSolution
		Debug|Any CPU = Debug|Any CPU
		Release|Any CPU = Release|Any CPU
	EndGlobalSection
	GlobalSection(ProjectConfigurationPlatforms) = postSolution
		{88CADDB0-C10D-4FE8-832F-07702111290D}.Debug|Any CPU.ActiveCfg = Debug|Any CPU
		{88CADDB0-C10D-4FE8-832F-07702111290D}.Debug|Any CPU.Build.0 = Debug|Any CPU
		{88CADDB0-C10D-4FE8-832F-07702111290D}.Release|Any CPU.ActiveCfg = Release|Any CPU
		{88CADDB0-C10D-4FE8-832F-07702111290D}.Release|Any CPU.Build.0 = Release|Any CPU
	EndGlobalSection
	GlobalSection(SolutionProperties) = preSolution
		HideSolutionNode = FALSE
	EndGlobalSection
	GlobalSection(ExtensibilityGlobals) = postSolution
		SolutionGuid = {3B87B9F8-9886-4E21-9FF3-DD14A18D87A6}
	EndGlobalSection
EndGlobal
